
Microsoft Visual Studio Solution File, Format Version 12.00
# Visual Studio Version 16
VisualStudioVersion = 16.0.31911.196
MinimumVisualStudioVersion = 10.0.40219.1
Project("{FAE04EC0-301F-11D3-BF4B-00C04F79EFBC}") = "Task10", "Task10.csproj", "{E6580C20-5FFC-4369-B29A-C10C63D2A49D}"
EndProject
Global
	GlobalSection(SolutionConfigurationPlatforms) = preSolution
		Debug|Any CPU = Debug|Any CPU
		Release|Any CPU = Release|Any CPU
	EndGlobalSection
	GlobalSection(ProjectConfigurationPlatforms) = postSolution
		{E6580C20-5FFC-4369-B29A-C10C63D2A49D}.Debug|Any CPU.ActiveCfg = Debug|Any CPU
		{E6580C20-5FFC-4369-B29A-C10C63D2A49D}.Debug|Any CPU.Build.0 = Debug|Any CPU
		{E6580C20-5FFC-4369-B29A-C10C63D2A49D}.Release|Any CPU.ActiveCfg = Release|Any CPU
		{E6580C20-5FFC-4369-B29A-C10C63D2A49D}.Release|Any CPU.Build.0 = Release|Any CPU
	EndGlobalSection
	GlobalSection(SolutionProperties) = preSolution
		HideSolutionNode = FALSE
	EndGlobalSection
	GlobalSection(ExtensibilityGlobals) = postSolution
		SolutionGuid = {66C074B0-A44D-4D06-B7E2-D957422D13C3}
	EndGlobalSection
EndGlobal
